// !$*UTF8*$!
{
	archiveVersion = 1;
	classes = {
	};
	objectVersion = 55;
	objects = {

/* Begin PBXBuildFile section */
		528AFF569071FFA97E02BA9C /* Pods_ZooMarketApp.framework in Frameworks */ = {isa = PBXBuildFile; fileRef = 894670AE0E2018B7770FF2B4 /* Pods_ZooMarketApp.framework */; };
		A505091C2872A9EC00780F72 /* CatalogPageView.swift in Sources */ = {isa = PBXBuildFile; fileRef = A505091B2872A9EC00780F72 /* CatalogPageView.swift */; };
		A505091F2872AB7A00780F72 /* Catalog + TableView.swift in Sources */ = {isa = PBXBuildFile; fileRef = A505091E2872AB7A00780F72 /* Catalog + TableView.swift */; };
		A5238610285FB50200BC0D69 /* PersonalDataController.swift in Sources */ = {isa = PBXBuildFile; fileRef = A523860F285FB50200BC0D69 /* PersonalDataController.swift */; };
		A5238612285FB54000BC0D69 /* PersonalDataView.swift in Sources */ = {isa = PBXBuildFile; fileRef = A5238611285FB54000BC0D69 /* PersonalDataView.swift */; };
		A5238615285FBC8200BC0D69 /* AppThemeController.swift in Sources */ = {isa = PBXBuildFile; fileRef = A5238614285FBC8200BC0D69 /* AppThemeController.swift */; };
		A5238617285FBCB800BC0D69 /* AppThemeView.swift in Sources */ = {isa = PBXBuildFile; fileRef = A5238616285FBCB800BC0D69 /* AppThemeView.swift */; };
		A523861A285FBE0600BC0D69 /* PersonalData@objcMethods.swift in Sources */ = {isa = PBXBuildFile; fileRef = A5238619285FBE0600BC0D69 /* PersonalData@objcMethods.swift */; };
		A52ABB46285A58F60089A832 /* UIColor + Extension.swift in Sources */ = {isa = PBXBuildFile; fileRef = A52ABB45285A58F60089A832 /* UIColor + Extension.swift */; };
		A535E477286083E600D95564 /* PersonalData + TextFieldSetup.swift in Sources */ = {isa = PBXBuildFile; fileRef = A535E476286083E600D95564 /* PersonalData + TextFieldSetup.swift */; };
		A547D74B28624BF30080B180 /* UserDatabase.swift in Sources */ = {isa = PBXBuildFile; fileRef = A547D74A28624BF30080B180 /* UserDatabase.swift */; };
		A5509ECB2857D0C200A1A8AB /* UserProfileView.swift in Sources */ = {isa = PBXBuildFile; fileRef = A5509ECA2857D0C200A1A8AB /* UserProfileView.swift */; };
		A5509ECE2857D62700A1A8AB /* @objcMethods.swift in Sources */ = {isa = PBXBuildFile; fileRef = A5509ECD2857D62700A1A8AB /* @objcMethods.swift */; };
		A5509ED22857EA0C00A1A8AB /* GoogleService-Info.plist in Resources */ = {isa = PBXBuildFile; fileRef = A5509ED12857EA0C00A1A8AB /* GoogleService-Info.plist */; };
		A5521933285B04CA0073D3CF /* UserProfileColor + Extension.swift in Sources */ = {isa = PBXBuildFile; fileRef = A5521932285B04CA0073D3CF /* UserProfileColor + Extension.swift */; };
		A5546D4E28631A5B00AD05D9 /* UserModel.swift in Sources */ = {isa = PBXBuildFile; fileRef = A5546D4D28631A5B00AD05D9 /* UserModel.swift */; };
		A56B16122874155600C86BD4 /* CatalogPageCell.swift in Sources */ = {isa = PBXBuildFile; fileRef = A56B16112874155600C86BD4 /* CatalogPageCell.swift */; };
		A56B161628755B8500C86BD4 /* CatalogSearchController.swift in Sources */ = {isa = PBXBuildFile; fileRef = A56B161528755B8500C86BD4 /* CatalogSearchController.swift */; };
		A575B62F2857F2DD00D6114C /* UserProfile + FirebaseAuth.swift in Sources */ = {isa = PBXBuildFile; fileRef = A575B62E2857F2DD00D6114C /* UserProfile + FirebaseAuth.swift */; };
		A575B6322858000E00D6114C /* HomeBarController.swift in Sources */ = {isa = PBXBuildFile; fileRef = A575B6312858000E00D6114C /* HomeBarController.swift */; };
		A575B6342858008B00D6114C /* MainPageController.swift in Sources */ = {isa = PBXBuildFile; fileRef = A575B6332858008B00D6114C /* MainPageController.swift */; };
		A575B636285800FC00D6114C /* CatalogPageController.swift in Sources */ = {isa = PBXBuildFile; fileRef = A575B635285800FC00D6114C /* CatalogPageController.swift */; };
		A575B63B2858021100D6114C /* ProductCartPage.swift in Sources */ = {isa = PBXBuildFile; fileRef = A575B63A2858021100D6114C /* ProductCartPage.swift */; };
		A57AFE7E286C619E0070D0A4 /* FirebaseNetworkData.swift in Sources */ = {isa = PBXBuildFile; fileRef = A57AFE7D286C619E0070D0A4 /* FirebaseNetworkData.swift */; };
		A57AFE80286DD3C80070D0A4 /* PersonalData + Alert.swift in Sources */ = {isa = PBXBuildFile; fileRef = A57AFE7F286DD3C80070D0A4 /* PersonalData + Alert.swift */; };
		A57AFE83286F1E4F0070D0A4 /* AccountManagerController.swift in Sources */ = {isa = PBXBuildFile; fileRef = A57AFE82286F1E4F0070D0A4 /* AccountManagerController.swift */; };
		A57AFE87286F1EB30070D0A4 /* AccountManagerView.swift in Sources */ = {isa = PBXBuildFile; fileRef = A57AFE86286F1EB30070D0A4 /* AccountManagerView.swift */; };
		A57AFE8A286F234F0070D0A4 /* AccountManager@objCMethods.swift in Sources */ = {isa = PBXBuildFile; fileRef = A57AFE89286F234F0070D0A4 /* AccountManager@objCMethods.swift */; };
		A57AFE90287064960070D0A4 /* AccountManager + Alert.swift in Sources */ = {isa = PBXBuildFile; fileRef = A57AFE8F287064960070D0A4 /* AccountManager + Alert.swift */; };
		A586360E286115E600AF7CE6 /* PersonalDataGesureSetup.swift in Sources */ = {isa = PBXBuildFile; fileRef = A586360D286115E600AF7CE6 /* PersonalDataGesureSetup.swift */; };
		A586361128611DC800AF7CE6 /* AppTheme@objcMethods.swift in Sources */ = {isa = PBXBuildFile; fileRef = A586361028611DC800AF7CE6 /* AppTheme@objcMethods.swift */; };
		A58636132861729D00AF7CE6 /* PersonalData + DatePickerSetup.swift in Sources */ = {isa = PBXBuildFile; fileRef = A58636122861729D00AF7CE6 /* PersonalData + DatePickerSetup.swift */; };
		A587973B2866644E00106001 /* FirestoreUserData.swift in Sources */ = {isa = PBXBuildFile; fileRef = A587973A2866644E00106001 /* FirestoreUserData.swift */; };
		A59D120228570B850069DC3E /* TextFieldSetup.swift in Sources */ = {isa = PBXBuildFile; fileRef = A59D120128570B850069DC3E /* TextFieldSetup.swift */; };
		A59D120428570CBB0069DC3E /* @objCMethods.swift in Sources */ = {isa = PBXBuildFile; fileRef = A59D120328570CBB0069DC3E /* @objCMethods.swift */; };
		A59D120628570D620069DC3E /* GestureSetup.swift in Sources */ = {isa = PBXBuildFile; fileRef = A59D120528570D620069DC3E /* GestureSetup.swift */; };
		A59D120828570E4D0069DC3E /* String + Extension.swift in Sources */ = {isa = PBXBuildFile; fileRef = A59D120728570E4C0069DC3E /* String + Extension.swift */; };
		A59D120B28570FE10069DC3E /* AuthTextFieldSetup.swift in Sources */ = {isa = PBXBuildFile; fileRef = A59D120A28570FE10069DC3E /* AuthTextFieldSetup.swift */; };
		A59D120D285710830069DC3E /* SignUp@objCMethods.swift in Sources */ = {isa = PBXBuildFile; fileRef = A59D120C285710830069DC3E /* SignUp@objCMethods.swift */; };
		A59D120F285710F30069DC3E /* SignUpGestureSetup.swift in Sources */ = {isa = PBXBuildFile; fileRef = A59D120E285710F30069DC3E /* SignUpGestureSetup.swift */; };
		A5A77F7F2859C47200AB599F /* SignIn + Protocol.swift in Sources */ = {isa = PBXBuildFile; fileRef = A5A77F7E2859C47200AB599F /* SignIn + Protocol.swift */; };
		A5A77F812859D27200AB599F /* SignUp + Protocol.swift in Sources */ = {isa = PBXBuildFile; fileRef = A5A77F802859D27200AB599F /* SignUp + Protocol.swift */; };
		A5AA876F2850FAD2008D045B /* AppDelegate.swift in Sources */ = {isa = PBXBuildFile; fileRef = A5AA876E2850FAD2008D045B /* AppDelegate.swift */; };
		A5AA87712850FAD2008D045B /* SceneDelegate.swift in Sources */ = {isa = PBXBuildFile; fileRef = A5AA87702850FAD2008D045B /* SceneDelegate.swift */; };
		A5AA87732850FAD2008D045B /* UserProfileController.swift in Sources */ = {isa = PBXBuildFile; fileRef = A5AA87722850FAD2008D045B /* UserProfileController.swift */; };
		A5AA87762850FAD2008D045B /* Main.storyboard in Resources */ = {isa = PBXBuildFile; fileRef = A5AA87742850FAD2008D045B /* Main.storyboard */; };
		A5AA87782850FAD3008D045B /* Assets.xcassets in Resources */ = {isa = PBXBuildFile; fileRef = A5AA87772850FAD3008D045B /* Assets.xcassets */; };
		A5AA877B2850FAD3008D045B /* LaunchScreen.storyboard in Resources */ = {isa = PBXBuildFile; fileRef = A5AA87792850FAD3008D045B /* LaunchScreen.storyboard */; };
		A5AA87842850FB73008D045B /* SignInController.swift in Sources */ = {isa = PBXBuildFile; fileRef = A5AA87832850FB73008D045B /* SignInController.swift */; };
		A5AA87862850FBB2008D045B /* SignInView.swift in Sources */ = {isa = PBXBuildFile; fileRef = A5AA87852850FBB2008D045B /* SignInView.swift */; };
		A5AA87892854EB37008D045B /* SignUpController.swift in Sources */ = {isa = PBXBuildFile; fileRef = A5AA87882854EB37008D045B /* SignUpController.swift */; };
		A5AA878B2854EBA2008D045B /* SignUpView.swift in Sources */ = {isa = PBXBuildFile; fileRef = A5AA878A2854EBA2008D045B /* SignUpView.swift */; };
		A5B38B6B285E5BC800CFBF88 /* credentials.plist in Resources */ = {isa = PBXBuildFile; fileRef = A5B38B6A285E5BC800CFBF88 /* credentials.plist */; };
		A5F094DF28585FD3000A5F70 /* TabBar + FirebaseAuth.swift in Sources */ = {isa = PBXBuildFile; fileRef = A5F094DE28585FD3000A5F70 /* TabBar + FirebaseAuth.swift */; };
		A5F094E128586680000A5F70 /* TableView + Delegate.swift in Sources */ = {isa = PBXBuildFile; fileRef = A5F094E028586680000A5F70 /* TableView + Delegate.swift */; };
		A5F094E328587BCD000A5F70 /* UserProfileCell.swift in Sources */ = {isa = PBXBuildFile; fileRef = A5F094E228587BCD000A5F70 /* UserProfileCell.swift */; };
		A5F094E628589109000A5F70 /* UserProfileSectionsModel.swift in Sources */ = {isa = PBXBuildFile; fileRef = A5F094E528589109000A5F70 /* UserProfileSectionsModel.swift */; };
		A5F094E82858A752000A5F70 /* UserHeader.swift in Sources */ = {isa = PBXBuildFile; fileRef = A5F094E72858A752000A5F70 /* UserHeader.swift */; };
		A5F9D968287390C5007828E5 /* Catalog@objcMethods.swift in Sources */ = {isa = PBXBuildFile; fileRef = A5F9D967287390C5007828E5 /* Catalog@objcMethods.swift */; };
		A5F9D96A28739144007828E5 /* Catalog + GestureSetup.swift in Sources */ = {isa = PBXBuildFile; fileRef = A5F9D96928739144007828E5 /* Catalog + GestureSetup.swift */; };
/* End PBXBuildFile section */

/* Begin PBXFileReference section */
		007F1A70FE9E44B2C7C84318 /* Pods-ZooMarketApp.debug.xcconfig */ = {isa = PBXFileReference; includeInIndex = 1; lastKnownFileType = text.xcconfig; name = "Pods-ZooMarketApp.debug.xcconfig"; path = "Target Support Files/Pods-ZooMarketApp/Pods-ZooMarketApp.debug.xcconfig"; sourceTree = "<group>"; };
		1DE9FA7B19D6D883C7BF77C5 /* Pods-ZooMarketApp.release.xcconfig */ = {isa = PBXFileReference; includeInIndex = 1; lastKnownFileType = text.xcconfig; name = "Pods-ZooMarketApp.release.xcconfig"; path = "Target Support Files/Pods-ZooMarketApp/Pods-ZooMarketApp.release.xcconfig"; sourceTree = "<group>"; };
		894670AE0E2018B7770FF2B4 /* Pods_ZooMarketApp.framework */ = {isa = PBXFileReference; explicitFileType = wrapper.framework; includeInIndex = 0; path = Pods_ZooMarketApp.framework; sourceTree = BUILT_PRODUCTS_DIR; };
		A505091B2872A9EC00780F72 /* CatalogPageView.swift */ = {isa = PBXFileReference; lastKnownFileType = sourcecode.swift; path = CatalogPageView.swift; sourceTree = "<group>"; };
		A505091E2872AB7A00780F72 /* Catalog + TableView.swift */ = {isa = PBXFileReference; lastKnownFileType = sourcecode.swift; path = "Catalog + TableView.swift"; sourceTree = "<group>"; };
		A523860F285FB50200BC0D69 /* PersonalDataController.swift */ = {isa = PBXFileReference; lastKnownFileType = sourcecode.swift; path = PersonalDataController.swift; sourceTree = "<group>"; };
		A5238611285FB54000BC0D69 /* PersonalDataView.swift */ = {isa = PBXFileReference; lastKnownFileType = sourcecode.swift; path = PersonalDataView.swift; sourceTree = "<group>"; };
		A5238614285FBC8200BC0D69 /* AppThemeController.swift */ = {isa = PBXFileReference; lastKnownFileType = sourcecode.swift; path = AppThemeController.swift; sourceTree = "<group>"; };
		A5238616285FBCB800BC0D69 /* AppThemeView.swift */ = {isa = PBXFileReference; lastKnownFileType = sourcecode.swift; path = AppThemeView.swift; sourceTree = "<group>"; };
		A5238619285FBE0600BC0D69 /* PersonalData@objcMethods.swift */ = {isa = PBXFileReference; lastKnownFileType = sourcecode.swift; path = "PersonalData@objcMethods.swift"; sourceTree = "<group>"; };
		A52ABB45285A58F60089A832 /* UIColor + Extension.swift */ = {isa = PBXFileReference; lastKnownFileType = sourcecode.swift; path = "UIColor + Extension.swift"; sourceTree = "<group>"; };
		A535E476286083E600D95564 /* PersonalData + TextFieldSetup.swift */ = {isa = PBXFileReference; lastKnownFileType = sourcecode.swift; path = "PersonalData + TextFieldSetup.swift"; sourceTree = "<group>"; };
		A547D74A28624BF30080B180 /* UserDatabase.swift */ = {isa = PBXFileReference; lastKnownFileType = sourcecode.swift; path = UserDatabase.swift; sourceTree = "<group>"; };
		A5509ECA2857D0C200A1A8AB /* UserProfileView.swift */ = {isa = PBXFileReference; lastKnownFileType = sourcecode.swift; path = UserProfileView.swift; sourceTree = "<group>"; };
		A5509ECD2857D62700A1A8AB /* @objcMethods.swift */ = {isa = PBXFileReference; lastKnownFileType = sourcecode.swift; path = "@objcMethods.swift"; sourceTree = "<group>"; };
		A5509ED12857EA0C00A1A8AB /* GoogleService-Info.plist */ = {isa = PBXFileReference; fileEncoding = 4; lastKnownFileType = text.plist.xml; path = "GoogleService-Info.plist"; sourceTree = "<group>"; };
		A5521932285B04CA0073D3CF /* UserProfileColor + Extension.swift */ = {isa = PBXFileReference; lastKnownFileType = sourcecode.swift; path = "UserProfileColor + Extension.swift"; sourceTree = "<group>"; };
		A5546D4D28631A5B00AD05D9 /* UserModel.swift */ = {isa = PBXFileReference; lastKnownFileType = sourcecode.swift; path = UserModel.swift; sourceTree = "<group>"; };
		A56B16112874155600C86BD4 /* CatalogPageCell.swift */ = {isa = PBXFileReference; lastKnownFileType = sourcecode.swift; path = CatalogPageCell.swift; sourceTree = "<group>"; };
		A56B161528755B8500C86BD4 /* CatalogSearchController.swift */ = {isa = PBXFileReference; lastKnownFileType = sourcecode.swift; path = CatalogSearchController.swift; sourceTree = "<group>"; };
		A575B62E2857F2DD00D6114C /* UserProfile + FirebaseAuth.swift */ = {isa = PBXFileReference; lastKnownFileType = sourcecode.swift; path = "UserProfile + FirebaseAuth.swift"; sourceTree = "<group>"; };
		A575B6312858000E00D6114C /* HomeBarController.swift */ = {isa = PBXFileReference; lastKnownFileType = sourcecode.swift; path = HomeBarController.swift; sourceTree = "<group>"; };
		A575B6332858008B00D6114C /* MainPageController.swift */ = {isa = PBXFileReference; lastKnownFileType = sourcecode.swift; path = MainPageController.swift; sourceTree = "<group>"; };
		A575B635285800FC00D6114C /* CatalogPageController.swift */ = {isa = PBXFileReference; lastKnownFileType = sourcecode.swift; path = CatalogPageController.swift; sourceTree = "<group>"; };
		A575B63A2858021100D6114C /* ProductCartPage.swift */ = {isa = PBXFileReference; lastKnownFileType = sourcecode.swift; path = ProductCartPage.swift; sourceTree = "<group>"; };
		A57AFE7D286C619E0070D0A4 /* FirebaseNetworkData.swift */ = {isa = PBXFileReference; lastKnownFileType = sourcecode.swift; path = FirebaseNetworkData.swift; sourceTree = "<group>"; };
		A57AFE7F286DD3C80070D0A4 /* PersonalData + Alert.swift */ = {isa = PBXFileReference; lastKnownFileType = sourcecode.swift; path = "PersonalData + Alert.swift"; sourceTree = "<group>"; };
		A57AFE82286F1E4F0070D0A4 /* AccountManagerController.swift */ = {isa = PBXFileReference; lastKnownFileType = sourcecode.swift; path = AccountManagerController.swift; sourceTree = "<group>"; };
		A57AFE86286F1EB30070D0A4 /* AccountManagerView.swift */ = {isa = PBXFileReference; lastKnownFileType = sourcecode.swift; path = AccountManagerView.swift; sourceTree = "<group>"; };
		A57AFE89286F234F0070D0A4 /* AccountManager@objCMethods.swift */ = {isa = PBXFileReference; lastKnownFileType = sourcecode.swift; path = "AccountManager@objCMethods.swift"; sourceTree = "<group>"; };
		A57AFE8F287064960070D0A4 /* AccountManager + Alert.swift */ = {isa = PBXFileReference; lastKnownFileType = sourcecode.swift; path = "AccountManager + Alert.swift"; sourceTree = "<group>"; };
		A586360D286115E600AF7CE6 /* PersonalDataGesureSetup.swift */ = {isa = PBXFileReference; lastKnownFileType = sourcecode.swift; path = PersonalDataGesureSetup.swift; sourceTree = "<group>"; };
		A586361028611DC800AF7CE6 /* AppTheme@objcMethods.swift */ = {isa = PBXFileReference; lastKnownFileType = sourcecode.swift; path = "AppTheme@objcMethods.swift"; sourceTree = "<group>"; };
		A58636122861729D00AF7CE6 /* PersonalData + DatePickerSetup.swift */ = {isa = PBXFileReference; lastKnownFileType = sourcecode.swift; path = "PersonalData + DatePickerSetup.swift"; sourceTree = "<group>"; };
		A587973A2866644E00106001 /* FirestoreUserData.swift */ = {isa = PBXFileReference; lastKnownFileType = sourcecode.swift; path = FirestoreUserData.swift; sourceTree = "<group>"; };
		A59D120128570B850069DC3E /* TextFieldSetup.swift */ = {isa = PBXFileReference; lastKnownFileType = sourcecode.swift; path = TextFieldSetup.swift; sourceTree = "<group>"; };
		A59D120328570CBB0069DC3E /* @objCMethods.swift */ = {isa = PBXFileReference; lastKnownFileType = sourcecode.swift; path = "@objCMethods.swift"; sourceTree = "<group>"; };
		A59D120528570D620069DC3E /* GestureSetup.swift */ = {isa = PBXFileReference; lastKnownFileType = sourcecode.swift; path = GestureSetup.swift; sourceTree = "<group>"; };
		A59D120728570E4C0069DC3E /* String + Extension.swift */ = {isa = PBXFileReference; lastKnownFileType = sourcecode.swift; path = "String + Extension.swift"; sourceTree = "<group>"; };
		A59D120A28570FE10069DC3E /* AuthTextFieldSetup.swift */ = {isa = PBXFileReference; lastKnownFileType = sourcecode.swift; path = AuthTextFieldSetup.swift; sourceTree = "<group>"; };
		A59D120C285710830069DC3E /* SignUp@objCMethods.swift */ = {isa = PBXFileReference; lastKnownFileType = sourcecode.swift; path = "SignUp@objCMethods.swift"; sourceTree = "<group>"; };
		A59D120E285710F30069DC3E /* SignUpGestureSetup.swift */ = {isa = PBXFileReference; lastKnownFileType = sourcecode.swift; path = SignUpGestureSetup.swift; sourceTree = "<group>"; };
		A5A77F7E2859C47200AB599F /* SignIn + Protocol.swift */ = {isa = PBXFileReference; lastKnownFileType = sourcecode.swift; path = "SignIn + Protocol.swift"; sourceTree = "<group>"; };
		A5A77F802859D27200AB599F /* SignUp + Protocol.swift */ = {isa = PBXFileReference; lastKnownFileType = sourcecode.swift; path = "SignUp + Protocol.swift"; sourceTree = "<group>"; };
		A5AA876B2850FAD2008D045B /* ZooMarketApp.app */ = {isa = PBXFileReference; explicitFileType = wrapper.application; includeInIndex = 0; path = ZooMarketApp.app; sourceTree = BUILT_PRODUCTS_DIR; };
		A5AA876E2850FAD2008D045B /* AppDelegate.swift */ = {isa = PBXFileReference; lastKnownFileType = sourcecode.swift; path = AppDelegate.swift; sourceTree = "<group>"; };
		A5AA87702850FAD2008D045B /* SceneDelegate.swift */ = {isa = PBXFileReference; lastKnownFileType = sourcecode.swift; path = SceneDelegate.swift; sourceTree = "<group>"; };
		A5AA87722850FAD2008D045B /* UserProfileController.swift */ = {isa = PBXFileReference; lastKnownFileType = sourcecode.swift; path = UserProfileController.swift; sourceTree = "<group>"; };
		A5AA87752850FAD2008D045B /* Base */ = {isa = PBXFileReference; lastKnownFileType = file.storyboard; name = Base; path = Base.lproj/Main.storyboard; sourceTree = "<group>"; };
		A5AA87772850FAD3008D045B /* Assets.xcassets */ = {isa = PBXFileReference; lastKnownFileType = folder.assetcatalog; path = Assets.xcassets; sourceTree = "<group>"; };
		A5AA877A2850FAD3008D045B /* Base */ = {isa = PBXFileReference; lastKnownFileType = file.storyboard; name = Base; path = Base.lproj/LaunchScreen.storyboard; sourceTree = "<group>"; };
		A5AA877C2850FAD3008D045B /* Info.plist */ = {isa = PBXFileReference; lastKnownFileType = text.plist.xml; path = Info.plist; sourceTree = "<group>"; };
		A5AA87832850FB73008D045B /* SignInController.swift */ = {isa = PBXFileReference; lastKnownFileType = sourcecode.swift; path = SignInController.swift; sourceTree = "<group>"; };
		A5AA87852850FBB2008D045B /* SignInView.swift */ = {isa = PBXFileReference; lastKnownFileType = sourcecode.swift; path = SignInView.swift; sourceTree = "<group>"; };
		A5AA87882854EB37008D045B /* SignUpController.swift */ = {isa = PBXFileReference; lastKnownFileType = sourcecode.swift; path = SignUpController.swift; sourceTree = "<group>"; };
		A5AA878A2854EBA2008D045B /* SignUpView.swift */ = {isa = PBXFileReference; lastKnownFileType = sourcecode.swift; path = SignUpView.swift; sourceTree = "<group>"; };
		A5B38B6A285E5BC800CFBF88 /* credentials.plist */ = {isa = PBXFileReference; fileEncoding = 4; lastKnownFileType = text.plist.xml; path = credentials.plist; sourceTree = "<group>"; };
		A5F094DE28585FD3000A5F70 /* TabBar + FirebaseAuth.swift */ = {isa = PBXFileReference; lastKnownFileType = sourcecode.swift; path = "TabBar + FirebaseAuth.swift"; sourceTree = "<group>"; };
		A5F094E028586680000A5F70 /* TableView + Delegate.swift */ = {isa = PBXFileReference; lastKnownFileType = sourcecode.swift; path = "TableView + Delegate.swift"; sourceTree = "<group>"; };
		A5F094E228587BCD000A5F70 /* UserProfileCell.swift */ = {isa = PBXFileReference; lastKnownFileType = sourcecode.swift; path = UserProfileCell.swift; sourceTree = "<group>"; };
		A5F094E528589109000A5F70 /* UserProfileSectionsModel.swift */ = {isa = PBXFileReference; lastKnownFileType = sourcecode.swift; path = UserProfileSectionsModel.swift; sourceTree = "<group>"; };
		A5F094E72858A752000A5F70 /* UserHeader.swift */ = {isa = PBXFileReference; lastKnownFileType = sourcecode.swift; path = UserHeader.swift; sourceTree = "<group>"; };
		A5F9D967287390C5007828E5 /* Catalog@objcMethods.swift */ = {isa = PBXFileReference; lastKnownFileType = sourcecode.swift; path = "Catalog@objcMethods.swift"; sourceTree = "<group>"; };
		A5F9D96928739144007828E5 /* Catalog + GestureSetup.swift */ = {isa = PBXFileReference; lastKnownFileType = sourcecode.swift; path = "Catalog + GestureSetup.swift"; sourceTree = "<group>"; };
/* End PBXFileReference section */

/* Begin PBXFrameworksBuildPhase section */
		A5AA87682850FAD2008D045B /* Frameworks */ = {
			isa = PBXFrameworksBuildPhase;
			buildActionMask = 2147483647;
			files = (
				528AFF569071FFA97E02BA9C /* Pods_ZooMarketApp.framework in Frameworks */,
			);
			runOnlyForDeploymentPostprocessing = 0;
		};
/* End PBXFrameworksBuildPhase section */

/* Begin PBXGroup section */
		A505091D2872AB5500780F72 /* Catalog + Extension */ = {
			isa = PBXGroup;
			children = (
				A505091E2872AB7A00780F72 /* Catalog + TableView.swift */,
				A5F9D967287390C5007828E5 /* Catalog@objcMethods.swift */,
				A5F9D96928739144007828E5 /* Catalog + GestureSetup.swift */,
			);
			path = "Catalog + Extension";
			sourceTree = "<group>";
		};
		A523860E285FB49500BC0D69 /* PersonalDataSettings */ = {
			isa = PBXGroup;
			children = (
				A523860F285FB50200BC0D69 /* PersonalDataController.swift */,
				A5238611285FB54000BC0D69 /* PersonalDataView.swift */,
				A5238618285FBDD200BC0D69 /* PersonalDataSttings + Extension */,
			);
			path = PersonalDataSettings;
			sourceTree = "<group>";
		};
		A5238613285FBC5C00BC0D69 /* AppTheme */ = {
			isa = PBXGroup;
			children = (
				A5238614285FBC8200BC0D69 /* AppThemeController.swift */,
				A5238616285FBCB800BC0D69 /* AppThemeView.swift */,
				A586360F28611D3600AF7CE6 /* AppTheme + Extension */,
			);
			path = AppTheme;
			sourceTree = "<group>";
		};
		A5238618285FBDD200BC0D69 /* PersonalDataSttings + Extension */ = {
			isa = PBXGroup;
			children = (
				A535E476286083E600D95564 /* PersonalData + TextFieldSetup.swift */,
				A5238619285FBE0600BC0D69 /* PersonalData@objcMethods.swift */,
				A586360D286115E600AF7CE6 /* PersonalDataGesureSetup.swift */,
				A58636122861729D00AF7CE6 /* PersonalData + DatePickerSetup.swift */,
				A57AFE7F286DD3C80070D0A4 /* PersonalData + Alert.swift */,
			);
			path = "PersonalDataSttings + Extension";
			sourceTree = "<group>";
		};
		A547D74928624B9D0080B180 /* Firebase + Database */ = {
			isa = PBXGroup;
			children = (
				A547D74A28624BF30080B180 /* UserDatabase.swift */,
				A5546D4D28631A5B00AD05D9 /* UserModel.swift */,
				A587973A2866644E00106001 /* FirestoreUserData.swift */,
				A57AFE7D286C619E0070D0A4 /* FirebaseNetworkData.swift */,
			);
			path = "Firebase + Database";
			sourceTree = "<group>";
		};
		A5509EC92857D06800A1A8AB /* UserProfile */ = {
			isa = PBXGroup;
			children = (
				A57AFE81286F1DBE0070D0A4 /* AccountManager */,
				A5238613285FBC5C00BC0D69 /* AppTheme */,
				A523860E285FB49500BC0D69 /* PersonalDataSettings */,
				A5AA87722850FAD2008D045B /* UserProfileController.swift */,
				A5509ECA2857D0C200A1A8AB /* UserProfileView.swift */,
				A5F094E228587BCD000A5F70 /* UserProfileCell.swift */,
				A5509ECC2857D5FA00A1A8AB /* UserProfile + Extension */,
			);
			path = UserProfile;
			sourceTree = "<group>";
		};
		A5509ECC2857D5FA00A1A8AB /* UserProfile + Extension */ = {
			isa = PBXGroup;
			children = (
				A5F094E028586680000A5F70 /* TableView + Delegate.swift */,
				A5F094E72858A752000A5F70 /* UserHeader.swift */,
				A5509ECD2857D62700A1A8AB /* @objcMethods.swift */,
				A575B62E2857F2DD00D6114C /* UserProfile + FirebaseAuth.swift */,
				A5521932285B04CA0073D3CF /* UserProfileColor + Extension.swift */,
			);
			path = "UserProfile + Extension";
			sourceTree = "<group>";
		};
		A575B6302857FFA700D6114C /* HomeScreen */ = {
			isa = PBXGroup;
			children = (
				A575B6312858000E00D6114C /* HomeBarController.swift */,
				A5F094DE28585FD3000A5F70 /* TabBar + FirebaseAuth.swift */,
				A575B6382858011900D6114C /* Catalog */,
				A575B6372858010300D6114C /* MainPage */,
				A575B6392858014300D6114C /* ProductCart */,
				A5509EC92857D06800A1A8AB /* UserProfile */,
			);
			path = HomeScreen;
			sourceTree = "<group>";
		};
		A575B6372858010300D6114C /* MainPage */ = {
			isa = PBXGroup;
			children = (
				A575B6332858008B00D6114C /* MainPageController.swift */,
			);
			path = MainPage;
			sourceTree = "<group>";
		};
		A575B6382858011900D6114C /* Catalog */ = {
			isa = PBXGroup;
			children = (
				A56B161528755B8500C86BD4 /* CatalogSearchController.swift */,
				A575B635285800FC00D6114C /* CatalogPageController.swift */,
				A505091B2872A9EC00780F72 /* CatalogPageView.swift */,
				A56B16112874155600C86BD4 /* CatalogPageCell.swift */,
				A505091D2872AB5500780F72 /* Catalog + Extension */,
			);
			path = Catalog;
			sourceTree = "<group>";
		};
		A575B6392858014300D6114C /* ProductCart */ = {
			isa = PBXGroup;
			children = (
				A575B63A2858021100D6114C /* ProductCartPage.swift */,
			);
			path = ProductCart;
			sourceTree = "<group>";
		};
		A57AFE81286F1DBE0070D0A4 /* AccountManager */ = {
			isa = PBXGroup;
			children = (
				A57AFE82286F1E4F0070D0A4 /* AccountManagerController.swift */,
				A57AFE86286F1EB30070D0A4 /* AccountManagerView.swift */,
				A57AFE88286F1F440070D0A4 /* AccountManager + Extension */,
			);
			path = AccountManager;
			sourceTree = "<group>";
		};
		A57AFE88286F1F440070D0A4 /* AccountManager + Extension */ = {
			isa = PBXGroup;
			children = (
				A57AFE89286F234F0070D0A4 /* AccountManager@objCMethods.swift */,
				A57AFE8F287064960070D0A4 /* AccountManager + Alert.swift */,
			);
			path = "AccountManager + Extension";
			sourceTree = "<group>";
		};
		A586360F28611D3600AF7CE6 /* AppTheme + Extension */ = {
			isa = PBXGroup;
			children = (
				A586361028611DC800AF7CE6 /* AppTheme@objcMethods.swift */,
			);
			path = "AppTheme + Extension";
			sourceTree = "<group>";
		};
		A59D120028570B360069DC3E /* SignIn + Extension */ = {
			isa = PBXGroup;
			children = (
				A5A77F7E2859C47200AB599F /* SignIn + Protocol.swift */,
				A59D120128570B850069DC3E /* TextFieldSetup.swift */,
				A59D120328570CBB0069DC3E /* @objCMethods.swift */,
				A59D120528570D620069DC3E /* GestureSetup.swift */,
			);
			path = "SignIn + Extension";
			sourceTree = "<group>";
		};
		A59D120928570FB20069DC3E /* SignUp + Extension */ = {
			isa = PBXGroup;
			children = (
				A59D120A28570FE10069DC3E /* AuthTextFieldSetup.swift */,
				A5A77F802859D27200AB599F /* SignUp + Protocol.swift */,
				A59D120C285710830069DC3E /* SignUp@objCMethods.swift */,
				A59D120E285710F30069DC3E /* SignUpGestureSetup.swift */,
			);
			path = "SignUp + Extension";
			sourceTree = "<group>";
		};
		A5AA87622850FAD2008D045B = {
			isa = PBXGroup;
			children = (
				A5AA876D2850FAD2008D045B /* ZooMarketApp */,
				A5AA876C2850FAD2008D045B /* Products */,
				C31F3E0AF926B944FA90EB3B /* Pods */,
				F938EE69A5C16117547FAEFF /* Frameworks */,
			);
			sourceTree = "<group>";
		};
		A5AA876C2850FAD2008D045B /* Products */ = {
			isa = PBXGroup;
			children = (
				A5AA876B2850FAD2008D045B /* ZooMarketApp.app */,
			);
			name = Products;
			sourceTree = "<group>";
		};
		A5AA876D2850FAD2008D045B /* ZooMarketApp */ = {
			isa = PBXGroup;
			children = (
				A547D74928624B9D0080B180 /* Firebase + Database */,
				A5F094E4285890DB000A5F70 /* Model */,
				A575B6302857FFA700D6114C /* HomeScreen */,
				A5AA87822850FB32008D045B /* SignIN */,
				A5AA87872854EB0C008D045B /* SignUp */,
				A5AA876E2850FAD2008D045B /* AppDelegate.swift */,
				A5AA87702850FAD2008D045B /* SceneDelegate.swift */,
				A59D120728570E4C0069DC3E /* String + Extension.swift */,
				A5AA87742850FAD2008D045B /* Main.storyboard */,
				A5AA87772850FAD3008D045B /* Assets.xcassets */,
				A5AA87792850FAD3008D045B /* LaunchScreen.storyboard */,
				A5AA877C2850FAD3008D045B /* Info.plist */,
				A5B38B6A285E5BC800CFBF88 /* credentials.plist */,
				A5509ED12857EA0C00A1A8AB /* GoogleService-Info.plist */,
			);
			path = ZooMarketApp;
			sourceTree = "<group>";
		};
		A5AA87822850FB32008D045B /* SignIN */ = {
			isa = PBXGroup;
			children = (
				A5AA87832850FB73008D045B /* SignInController.swift */,
				A5AA87852850FBB2008D045B /* SignInView.swift */,
				A59D120028570B360069DC3E /* SignIn + Extension */,
			);
			path = SignIN;
			sourceTree = "<group>";
		};
		A5AA87872854EB0C008D045B /* SignUp */ = {
			isa = PBXGroup;
			children = (
				A5AA87882854EB37008D045B /* SignUpController.swift */,
				A5AA878A2854EBA2008D045B /* SignUpView.swift */,
				A59D120928570FB20069DC3E /* SignUp + Extension */,
			);
			path = SignUp;
			sourceTree = "<group>";
		};
		A5F094E4285890DB000A5F70 /* Model */ = {
			isa = PBXGroup;
			children = (
				A5F094E528589109000A5F70 /* UserProfileSectionsModel.swift */,
				A52ABB45285A58F60089A832 /* UIColor + Extension.swift */,
			);
			path = Model;
			sourceTree = "<group>";
		};
		C31F3E0AF926B944FA90EB3B /* Pods */ = {
			isa = PBXGroup;
			children = (
				007F1A70FE9E44B2C7C84318 /* Pods-ZooMarketApp.debug.xcconfig */,
				1DE9FA7B19D6D883C7BF77C5 /* Pods-ZooMarketApp.release.xcconfig */,
			);
			path = Pods;
			sourceTree = "<group>";
		};
		F938EE69A5C16117547FAEFF /* Frameworks */ = {
			isa = PBXGroup;
			children = (
				894670AE0E2018B7770FF2B4 /* Pods_ZooMarketApp.framework */,
			);
			name = Frameworks;
			sourceTree = "<group>";
		};
/* End PBXGroup section */

/* Begin PBXNativeTarget section */
		A5AA876A2850FAD2008D045B /* ZooMarketApp */ = {
			isa = PBXNativeTarget;
			buildConfigurationList = A5AA877F2850FAD3008D045B /* Build configuration list for PBXNativeTarget "ZooMarketApp" */;
			buildPhases = (
				9C4617F0F80319CB434C1997 /* [CP] Check Pods Manifest.lock */,
				A5AA87672850FAD2008D045B /* Sources */,
				A5AA87682850FAD2008D045B /* Frameworks */,
				A5AA87692850FAD2008D045B /* Resources */,
				DF16798481AD28C6473A9B7C /* [CP] Embed Pods Frameworks */,
			);
			buildRules = (
			);
			dependencies = (
			);
			name = ZooMarketApp;
			productName = ZooMarketApp;
			productReference = A5AA876B2850FAD2008D045B /* ZooMarketApp.app */;
			productType = "com.apple.product-type.application";
		};
/* End PBXNativeTarget section */

/* Begin PBXProject section */
		A5AA87632850FAD2008D045B /* Project object */ = {
			isa = PBXProject;
			attributes = {
				BuildIndependentTargetsInParallel = 1;
				LastSwiftUpdateCheck = 1340;
				LastUpgradeCheck = 1340;
				TargetAttributes = {
					A5AA876A2850FAD2008D045B = {
						CreatedOnToolsVersion = 13.4.1;
					};
				};
			};
			buildConfigurationList = A5AA87662850FAD2008D045B /* Build configuration list for PBXProject "ZooMarketApp" */;
			compatibilityVersion = "Xcode 13.0";
			developmentRegion = en;
			hasScannedForEncodings = 0;
			knownRegions = (
				en,
				Base,
			);
			mainGroup = A5AA87622850FAD2008D045B;
			productRefGroup = A5AA876C2850FAD2008D045B /* Products */;
			projectDirPath = "";
			projectRoot = "";
			targets = (
				A5AA876A2850FAD2008D045B /* ZooMarketApp */,
			);
		};
/* End PBXProject section */

/* Begin PBXResourcesBuildPhase section */
		A5AA87692850FAD2008D045B /* Resources */ = {
			isa = PBXResourcesBuildPhase;
			buildActionMask = 2147483647;
			files = (
				A5509ED22857EA0C00A1A8AB /* GoogleService-Info.plist in Resources */,
				A5AA877B2850FAD3008D045B /* LaunchScreen.storyboard in Resources */,
				A5B38B6B285E5BC800CFBF88 /* credentials.plist in Resources */,
				A5AA87782850FAD3008D045B /* Assets.xcassets in Resources */,
				A5AA87762850FAD2008D045B /* Main.storyboard in Resources */,
			);
			runOnlyForDeploymentPostprocessing = 0;
		};
/* End PBXResourcesBuildPhase section */

/* Begin PBXShellScriptBuildPhase section */
		9C4617F0F80319CB434C1997 /* [CP] Check Pods Manifest.lock */ = {
			isa = PBXShellScriptBuildPhase;
			buildActionMask = 2147483647;
			files = (
			);
			inputFileListPaths = (
			);
			inputPaths = (
				"${PODS_PODFILE_DIR_PATH}/Podfile.lock",
				"${PODS_ROOT}/Manifest.lock",
			);
			name = "[CP] Check Pods Manifest.lock";
			outputFileListPaths = (
			);
			outputPaths = (
				"$(DERIVED_FILE_DIR)/Pods-ZooMarketApp-checkManifestLockResult.txt",
			);
			runOnlyForDeploymentPostprocessing = 0;
			shellPath = /bin/sh;
			shellScript = "diff \"${PODS_PODFILE_DIR_PATH}/Podfile.lock\" \"${PODS_ROOT}/Manifest.lock\" > /dev/null\nif [ $? != 0 ] ; then\n    # print error to STDERR\n    echo \"error: The sandbox is not in sync with the Podfile.lock. Run 'pod install' or update your CocoaPods installation.\" >&2\n    exit 1\nfi\n# This output is used by Xcode 'outputs' to avoid re-running this script phase.\necho \"SUCCESS\" > \"${SCRIPT_OUTPUT_FILE_0}\"\n";
			showEnvVarsInLog = 0;
		};
		DF16798481AD28C6473A9B7C /* [CP] Embed Pods Frameworks */ = {
			isa = PBXShellScriptBuildPhase;
			buildActionMask = 2147483647;
			files = (
			);
			inputFileListPaths = (
				"${PODS_ROOT}/Target Support Files/Pods-ZooMarketApp/Pods-ZooMarketApp-frameworks-${CONFIGURATION}-input-files.xcfilelist",
			);
			name = "[CP] Embed Pods Frameworks";
			outputFileListPaths = (
				"${PODS_ROOT}/Target Support Files/Pods-ZooMarketApp/Pods-ZooMarketApp-frameworks-${CONFIGURATION}-output-files.xcfilelist",
			);
			runOnlyForDeploymentPostprocessing = 0;
			shellPath = /bin/sh;
			shellScript = "\"${PODS_ROOT}/Target Support Files/Pods-ZooMarketApp/Pods-ZooMarketApp-frameworks.sh\"\n";
			showEnvVarsInLog = 0;
		};
/* End PBXShellScriptBuildPhase section */

/* Begin PBXSourcesBuildPhase section */
		A5AA87672850FAD2008D045B /* Sources */ = {
			isa = PBXSourcesBuildPhase;
			buildActionMask = 2147483647;
			files = (
				A5AA87892854EB37008D045B /* SignUpController.swift in Sources */,
				A56B161628755B8500C86BD4 /* CatalogSearchController.swift in Sources */,
				A5F094E128586680000A5F70 /* TableView + Delegate.swift in Sources */,
				A5238610285FB50200BC0D69 /* PersonalDataController.swift in Sources */,
				A59D120228570B850069DC3E /* TextFieldSetup.swift in Sources */,
				A5AA87732850FAD2008D045B /* UserProfileController.swift in Sources */,
				A575B6342858008B00D6114C /* MainPageController.swift in Sources */,
				A57AFE87286F1EB30070D0A4 /* AccountManagerView.swift in Sources */,
				A59D120D285710830069DC3E /* SignUp@objCMethods.swift in Sources */,
				A57AFE8A286F234F0070D0A4 /* AccountManager@objCMethods.swift in Sources */,
				A59D120428570CBB0069DC3E /* @objCMethods.swift in Sources */,
				A5A77F7F2859C47200AB599F /* SignIn + Protocol.swift in Sources */,
				A57AFE7E286C619E0070D0A4 /* FirebaseNetworkData.swift in Sources */,
				A57AFE80286DD3C80070D0A4 /* PersonalData + Alert.swift in Sources */,
				A59D120628570D620069DC3E /* GestureSetup.swift in Sources */,
				A5AA87842850FB73008D045B /* SignInController.swift in Sources */,
				A505091C2872A9EC00780F72 /* CatalogPageView.swift in Sources */,
				A5AA876F2850FAD2008D045B /* AppDelegate.swift in Sources */,
				A575B62F2857F2DD00D6114C /* UserProfile + FirebaseAuth.swift in Sources */,
				A575B636285800FC00D6114C /* CatalogPageController.swift in Sources */,
				A57AFE90287064960070D0A4 /* AccountManager + Alert.swift in Sources */,
				A5238617285FBCB800BC0D69 /* AppThemeView.swift in Sources */,
				A59D120828570E4D0069DC3E /* String + Extension.swift in Sources */,
				A59D120F285710F30069DC3E /* SignUpGestureSetup.swift in Sources */,
				A505091F2872AB7A00780F72 /* Catalog + TableView.swift in Sources */,
				A5A77F812859D27200AB599F /* SignUp + Protocol.swift in Sources */,
				A5509ECB2857D0C200A1A8AB /* UserProfileView.swift in Sources */,
				A535E477286083E600D95564 /* PersonalData + TextFieldSetup.swift in Sources */,
				A52ABB46285A58F60089A832 /* UIColor + Extension.swift in Sources */,
				A56B16122874155600C86BD4 /* CatalogPageCell.swift in Sources */,
				A5F9D968287390C5007828E5 /* Catalog@objcMethods.swift in Sources */,
				A5F094DF28585FD3000A5F70 /* TabBar + FirebaseAuth.swift in Sources */,
				A5238615285FBC8200BC0D69 /* AppThemeController.swift in Sources */,
				A5AA87862850FBB2008D045B /* SignInView.swift in Sources */,
				A59D120B28570FE10069DC3E /* AuthTextFieldSetup.swift in Sources */,
				A5F094E328587BCD000A5F70 /* UserProfileCell.swift in Sources */,
				A575B6322858000E00D6114C /* HomeBarController.swift in Sources */,
				A586360E286115E600AF7CE6 /* PersonalDataGesureSetup.swift in Sources */,
				A587973B2866644E00106001 /* FirestoreUserData.swift in Sources */,
				A5521933285B04CA0073D3CF /* UserProfileColor + Extension.swift in Sources */,
				A547D74B28624BF30080B180 /* UserDatabase.swift in Sources */,
				A523861A285FBE0600BC0D69 /* PersonalData@objcMethods.swift in Sources */,
				A5F094E628589109000A5F70 /* UserProfileSectionsModel.swift in Sources */,
				A58636132861729D00AF7CE6 /* PersonalData + DatePickerSetup.swift in Sources */,
				A575B63B2858021100D6114C /* ProductCartPage.swift in Sources */,
				A5546D4E28631A5B00AD05D9 /* UserModel.swift in Sources */,
				A5AA878B2854EBA2008D045B /* SignUpView.swift in Sources */,
				A57AFE83286F1E4F0070D0A4 /* AccountManagerController.swift in Sources */,
				A586361128611DC800AF7CE6 /* AppTheme@objcMethods.swift in Sources */,
				A5238612285FB54000BC0D69 /* PersonalDataView.swift in Sources */,
				A5AA87712850FAD2008D045B /* SceneDelegate.swift in Sources */,
				A5F9D96A28739144007828E5 /* Catalog + GestureSetup.swift in Sources */,
				A5509ECE2857D62700A1A8AB /* @objcMethods.swift in Sources */,
				A5F094E82858A752000A5F70 /* UserHeader.swift in Sources */,
			);
			runOnlyForDeploymentPostprocessing = 0;
		};
/* End PBXSourcesBuildPhase section */

/* Begin PBXVariantGroup section */
		A5AA87742850FAD2008D045B /* Main.storyboard */ = {
			isa = PBXVariantGroup;
			children = (
				A5AA87752850FAD2008D045B /* Base */,
			);
			name = Main.storyboard;
			sourceTree = "<group>";
		};
		A5AA87792850FAD3008D045B /* LaunchScreen.storyboard */ = {
			isa = PBXVariantGroup;
			children = (
				A5AA877A2850FAD3008D045B /* Base */,
			);
			name = LaunchScreen.storyboard;
			sourceTree = "<group>";
		};
/* End PBXVariantGroup section */

/* Begin XCBuildConfiguration section */
		A5AA877D2850FAD3008D045B /* Debug */ = {
			isa = XCBuildConfiguration;
			buildSettings = {
				ALWAYS_SEARCH_USER_PATHS = NO;
				CLANG_ANALYZER_NONNULL = YES;
				CLANG_ANALYZER_NUMBER_OBJECT_CONVERSION = YES_AGGRESSIVE;
				CLANG_CXX_LANGUAGE_STANDARD = "gnu++17";
				CLANG_ENABLE_MODULES = YES;
				CLANG_ENABLE_OBJC_ARC = YES;
				CLANG_ENABLE_OBJC_WEAK = YES;
				CLANG_WARN_BLOCK_CAPTURE_AUTORELEASING = YES;
				CLANG_WARN_BOOL_CONVERSION = YES;
				CLANG_WARN_COMMA = YES;
				CLANG_WARN_CONSTANT_CONVERSION = YES;
				CLANG_WARN_DEPRECATED_OBJC_IMPLEMENTATIONS = YES;
				CLANG_WARN_DIRECT_OBJC_ISA_USAGE = YES_ERROR;
				CLANG_WARN_DOCUMENTATION_COMMENTS = YES;
				CLANG_WARN_EMPTY_BODY = YES;
				CLANG_WARN_ENUM_CONVERSION = YES;
				CLANG_WARN_INFINITE_RECURSION = YES;
				CLANG_WARN_INT_CONVERSION = YES;
				CLANG_WARN_NON_LITERAL_NULL_CONVERSION = YES;
				CLANG_WARN_OBJC_IMPLICIT_RETAIN_SELF = YES;
				CLANG_WARN_OBJC_LITERAL_CONVERSION = YES;
				CLANG_WARN_OBJC_ROOT_CLASS = YES_ERROR;
				CLANG_WARN_QUOTED_INCLUDE_IN_FRAMEWORK_HEADER = YES;
				CLANG_WARN_RANGE_LOOP_ANALYSIS = YES;
				CLANG_WARN_STRICT_PROTOTYPES = YES;
				CLANG_WARN_SUSPICIOUS_MOVE = YES;
				CLANG_WARN_UNGUARDED_AVAILABILITY = YES_AGGRESSIVE;
				CLANG_WARN_UNREACHABLE_CODE = YES;
				CLANG_WARN__DUPLICATE_METHOD_MATCH = YES;
				COPY_PHASE_STRIP = NO;
				DEBUG_INFORMATION_FORMAT = dwarf;
				ENABLE_STRICT_OBJC_MSGSEND = YES;
				ENABLE_TESTABILITY = YES;
				GCC_C_LANGUAGE_STANDARD = gnu11;
				GCC_DYNAMIC_NO_PIC = NO;
				GCC_NO_COMMON_BLOCKS = YES;
				GCC_OPTIMIZATION_LEVEL = 0;
				GCC_PREPROCESSOR_DEFINITIONS = (
					"DEBUG=1",
					"$(inherited)",
				);
				GCC_WARN_64_TO_32_BIT_CONVERSION = YES;
				GCC_WARN_ABOUT_RETURN_TYPE = YES_ERROR;
				GCC_WARN_UNDECLARED_SELECTOR = YES;
				GCC_WARN_UNINITIALIZED_AUTOS = YES_AGGRESSIVE;
				GCC_WARN_UNUSED_FUNCTION = YES;
				GCC_WARN_UNUSED_VARIABLE = YES;
				IPHONEOS_DEPLOYMENT_TARGET = 15.5;
				MTL_ENABLE_DEBUG_INFO = INCLUDE_SOURCE;
				MTL_FAST_MATH = YES;
				ONLY_ACTIVE_ARCH = YES;
				SDKROOT = iphoneos;
				SWIFT_ACTIVE_COMPILATION_CONDITIONS = DEBUG;
				SWIFT_OPTIMIZATION_LEVEL = "-Onone";
			};
			name = Debug;
		};
		A5AA877E2850FAD3008D045B /* Release */ = {
			isa = XCBuildConfiguration;
			buildSettings = {
				ALWAYS_SEARCH_USER_PATHS = NO;
				CLANG_ANALYZER_NONNULL = YES;
				CLANG_ANALYZER_NUMBER_OBJECT_CONVERSION = YES_AGGRESSIVE;
				CLANG_CXX_LANGUAGE_STANDARD = "gnu++17";
				CLANG_ENABLE_MODULES = YES;
				CLANG_ENABLE_OBJC_ARC = YES;
				CLANG_ENABLE_OBJC_WEAK = YES;
				CLANG_WARN_BLOCK_CAPTURE_AUTORELEASING = YES;
				CLANG_WARN_BOOL_CONVERSION = YES;
				CLANG_WARN_COMMA = YES;
				CLANG_WARN_CONSTANT_CONVERSION = YES;
				CLANG_WARN_DEPRECATED_OBJC_IMPLEMENTATIONS = YES;
				CLANG_WARN_DIRECT_OBJC_ISA_USAGE = YES_ERROR;
				CLANG_WARN_DOCUMENTATION_COMMENTS = YES;
				CLANG_WARN_EMPTY_BODY = YES;
				CLANG_WARN_ENUM_CONVERSION = YES;
				CLANG_WARN_INFINITE_RECURSION = YES;
				CLANG_WARN_INT_CONVERSION = YES;
				CLANG_WARN_NON_LITERAL_NULL_CONVERSION = YES;
				CLANG_WARN_OBJC_IMPLICIT_RETAIN_SELF = YES;
				CLANG_WARN_OBJC_LITERAL_CONVERSION = YES;
				CLANG_WARN_OBJC_ROOT_CLASS = YES_ERROR;
				CLANG_WARN_QUOTED_INCLUDE_IN_FRAMEWORK_HEADER = YES;
				CLANG_WARN_RANGE_LOOP_ANALYSIS = YES;
				CLANG_WARN_STRICT_PROTOTYPES = YES;
				CLANG_WARN_SUSPICIOUS_MOVE = YES;
				CLANG_WARN_UNGUARDED_AVAILABILITY = YES_AGGRESSIVE;
				CLANG_WARN_UNREACHABLE_CODE = YES;
				CLANG_WARN__DUPLICATE_METHOD_MATCH = YES;
				COPY_PHASE_STRIP = NO;
				DEBUG_INFORMATION_FORMAT = "dwarf-with-dsym";
				ENABLE_NS_ASSERTIONS = NO;
				ENABLE_STRICT_OBJC_MSGSEND = YES;
				GCC_C_LANGUAGE_STANDARD = gnu11;
				GCC_NO_COMMON_BLOCKS = YES;
				GCC_WARN_64_TO_32_BIT_CONVERSION = YES;
				GCC_WARN_ABOUT_RETURN_TYPE = YES_ERROR;
				GCC_WARN_UNDECLARED_SELECTOR = YES;
				GCC_WARN_UNINITIALIZED_AUTOS = YES_AGGRESSIVE;
				GCC_WARN_UNUSED_FUNCTION = YES;
				GCC_WARN_UNUSED_VARIABLE = YES;
				IPHONEOS_DEPLOYMENT_TARGET = 15.5;
				MTL_ENABLE_DEBUG_INFO = NO;
				MTL_FAST_MATH = YES;
				SDKROOT = iphoneos;
				SWIFT_COMPILATION_MODE = wholemodule;
				SWIFT_OPTIMIZATION_LEVEL = "-O";
				VALIDATE_PRODUCT = YES;
			};
			name = Release;
		};
		A5AA87802850FAD3008D045B /* Debug */ = {
			isa = XCBuildConfiguration;
			baseConfigurationReference = 007F1A70FE9E44B2C7C84318 /* Pods-ZooMarketApp.debug.xcconfig */;
			buildSettings = {
				ASSETCATALOG_COMPILER_APPICON_NAME = AppIcon;
				ASSETCATALOG_COMPILER_GLOBAL_ACCENT_COLOR_NAME = AccentColor;
				CODE_SIGN_STYLE = Automatic;
				CURRENT_PROJECT_VERSION = 1;
				DEVELOPMENT_TEAM = G5F275723J;
				GENERATE_INFOPLIST_FILE = YES;
				INFOPLIST_FILE = ZooMarketApp/Info.plist;
				INFOPLIST_KEY_UIApplicationSupportsIndirectInputEvents = YES;
				INFOPLIST_KEY_UILaunchStoryboardName = LaunchScreen;
				INFOPLIST_KEY_UIMainStoryboardFile = Main;
				INFOPLIST_KEY_UISupportedInterfaceOrientations_iPad = "UIInterfaceOrientationPortrait UIInterfaceOrientationPortraitUpsideDown UIInterfaceOrientationLandscapeLeft UIInterfaceOrientationLandscapeRight";
				INFOPLIST_KEY_UISupportedInterfaceOrientations_iPhone = "UIInterfaceOrientationPortrait UIInterfaceOrientationLandscapeLeft UIInterfaceOrientationLandscapeRight";
				LD_RUNPATH_SEARCH_PATHS = (
					"$(inherited)",
					"@executable_path/Frameworks",
				);
				MARKETING_VERSION = 1.0;
				PRODUCT_BUNDLE_IDENTIFIER = "Raman-Bahniuk.ZooMarketApp";
				PRODUCT_NAME = "$(TARGET_NAME)";
				SWIFT_EMIT_LOC_STRINGS = YES;
				SWIFT_VERSION = 5.0;
				TARGETED_DEVICE_FAMILY = "1,2";
			};
			name = Debug;
		};
		A5AA87812850FAD3008D045B /* Release */ = {
			isa = XCBuildConfiguration;
			baseConfigurationReference = 1DE9FA7B19D6D883C7BF77C5 /* Pods-ZooMarketApp.release.xcconfig */;
			buildSettings = {
				ASSETCATALOG_COMPILER_APPICON_NAME = AppIcon;
				ASSETCATALOG_COMPILER_GLOBAL_ACCENT_COLOR_NAME = AccentColor;
				CODE_SIGN_STYLE = Automatic;
				CURRENT_PROJECT_VERSION = 1;
				DEVELOPMENT_TEAM = G5F275723J;
				GENERATE_INFOPLIST_FILE = YES;
				INFOPLIST_FILE = ZooMarketApp/Info.plist;
				INFOPLIST_KEY_UIApplicationSupportsIndirectInputEvents = YES;
				INFOPLIST_KEY_UILaunchStoryboardName = LaunchScreen;
				INFOPLIST_KEY_UIMainStoryboardFile = Main;
				INFOPLIST_KEY_UISupportedInterfaceOrientations_iPad = "UIInterfaceOrientationPortrait UIInterfaceOrientationPortraitUpsideDown UIInterfaceOrientationLandscapeLeft UIInterfaceOrientationLandscapeRight";
				INFOPLIST_KEY_UISupportedInterfaceOrientations_iPhone = "UIInterfaceOrientationPortrait UIInterfaceOrientationLandscapeLeft UIInterfaceOrientationLandscapeRight";
				LD_RUNPATH_SEARCH_PATHS = (
					"$(inherited)",
					"@executable_path/Frameworks",
				);
				MARKETING_VERSION = 1.0;
				PRODUCT_BUNDLE_IDENTIFIER = "Raman-Bahniuk.ZooMarketApp";
				PRODUCT_NAME = "$(TARGET_NAME)";
				SWIFT_EMIT_LOC_STRINGS = YES;
				SWIFT_VERSION = 5.0;
				TARGETED_DEVICE_FAMILY = "1,2";
			};
			name = Release;
		};
/* End XCBuildConfiguration section */

/* Begin XCConfigurationList section */
		A5AA87662850FAD2008D045B /* Build configuration list for PBXProject "ZooMarketApp" */ = {
			isa = XCConfigurationList;
			buildConfigurations = (
				A5AA877D2850FAD3008D045B /* Debug */,
				A5AA877E2850FAD3008D045B /* Release */,
			);
			defaultConfigurationIsVisible = 0;
			defaultConfigurationName = Release;
		};
		A5AA877F2850FAD3008D045B /* Build configuration list for PBXNativeTarget "ZooMarketApp" */ = {
			isa = XCConfigurationList;
			buildConfigurations = (
				A5AA87802850FAD3008D045B /* Debug */,
				A5AA87812850FAD3008D045B /* Release */,
			);
			defaultConfigurationIsVisible = 0;
			defaultConfigurationName = Release;
		};
/* End XCConfigurationList section */
	};
	rootObject = A5AA87632850FAD2008D045B /* Project object */;
}
